
Microsoft Visual Studio Solution File, Format Version 12.00
# Visual Studio 2012
Project("{FAE04EC0-301F-11D3-BF4B-00C04F79EFBC}") = "weeklychallenge3", "weeklychallenge3\weeklychallenge3.csproj", "{0292D712-C149-4C6F-8BD8-4C0D3882685D}"
EndProject
Global
	GlobalSection(SolutionConfigurationPlatforms) = preSolution
		Debug|Any CPU = Debug|Any CPU
		Release|Any CPU = Release|Any CPU
	EndGlobalSection
	GlobalSection(ProjectConfigurationPlatforms) = postSolution
		{0292D712-C149-4C6F-8BD8-4C0D3882685D}.Debug|Any CPU.ActiveCfg = Debug|Any CPU
		{0292D712-C149-4C6F-8BD8-4C0D3882685D}.Debug|Any CPU.Build.0 = Debug|Any CPU
		{0292D712-C149-4C6F-8BD8-4C0D3882685D}.Release|Any CPU.ActiveCfg = Release|Any CPU
		{0292D712-C149-4C6F-8BD8-4C0D3882685D}.Release|Any CPU.Build.0 = Release|Any CPU
	EndGlobalSection
EndGlobal
